
Microsoft Visual Studio Solution File, Format Version 12.00
# Visual Studio 14
VisualStudioVersion = 14.0.25420.1
MinimumVisualStudioVersion = 10.0.40219.1
Project("{2150E333-8FDC-42A3-9474-1A3956D46DE8}") = "Data", "Data", "{B2CF05EE-48F5-4FFE-958B-CFEBFDEE57B9}"
EndProject
Project("{2150E333-8FDC-42A3-9474-1A3956D46DE8}") = "Web", "Web", "{6A39AE8C-FD0F-469C-9AA0-5268A0A2B1E8}"
EndProject
Project("{FAE04EC0-301F-11D3-BF4B-00C04F79EFBC}") = "BalkanAir.Data.Models", "Data\BalkanAir.Data.Models\BalkanAir.Data.Models.csproj", "{3E67705B-24A5-47C5-90F1-E54A45C0F81C}"
EndProject
Project("{FAE04EC0-301F-11D3-BF4B-00C04F79EFBC}") = "BalkanAir.Data", "Data\BalkanAir.Data\BalkanAir.Data.csproj", "{51D02D44-DAE7-4226-927C-356AE94FCE43}"
EndProject
Project("{FAE04EC0-301F-11D3-BF4B-00C04F79EFBC}") = "BalkanAir.Web", "Web\BalkanAir.Web\BalkanAir.Web.csproj", "{7C7E6503-71D4-445A-85A7-47F7BC581D1D}"
EndProject
Project("{FAE04EC0-301F-11D3-BF4B-00C04F79EFBC}") = "BalkanAir.Web.Common", "Web\BalkanAir.Web.Common\BalkanAir.Web.Common.csproj", "{D46816CB-E401-4F61-9B96-8F8167D33B19}"
EndProject
Project("{2150E333-8FDC-42A3-9474-1A3956D46DE8}") = "Services", "Services", "{96BC4917-CF12-442B-B5FF-CAEF8FF1B495}"
EndProject
Project("{FAE04EC0-301F-11D3-BF4B-00C04F79EFBC}") = "BalkanAir.Services.Data", "Services\BalkanAir.Services.Data\BalkanAir.Services.Data.csproj", "{DF4DB207-0CCE-4542-9FF1-F662DAF0CC14}"
EndProject
Project("{2150E333-8FDC-42A3-9474-1A3956D46DE8}") = "Tests", "Tests", "{B24553AF-DDCE-4668-B924-FC3677BC26DD}"
EndProject
Project("{FAE04EC0-301F-11D3-BF4B-00C04F79EFBC}") = "BalkanAir.Services.Data.Tests", "Tests\BalkanAir.Services.Data.Tests\BalkanAir.Services.Data.Tests.csproj", "{ADEDE80E-C226-4E8A-97A0-8B1055E55C9B}"
EndProject
Project("{FAE04EC0-301F-11D3-BF4B-00C04F79EFBC}") = "BalkanAir.Api.Tests", "Tests\BalkanAir.Api.Tests\BalkanAir.Api.Tests.csproj", "{C5A673F9-EF36-4FE7-9BF3-8BFF975E8075}"
EndProject
Project("{FAE04EC0-301F-11D3-BF4B-00C04F79EFBC}") = "BalkanAir.Data.Common", "Data\BalkanAir.Data.Common\BalkanAir.Data.Common.csproj", "{F9E825F6-A4D5-4328-BCD8-FF05CDB86737}"
EndProject
Project("{FAE04EC0-301F-11D3-BF4B-00C04F79EFBC}") = "BalkanAir.Services.Common", "Services\BalkanAir.Services.Common\BalkanAir.Services.Common.csproj", "{1E23C3F5-2483-4B5C-95E7-1A2D2CD77FB1}"
EndProject
Project("{2150E333-8FDC-42A3-9474-1A3956D46DE8}") = "Mvp", "Mvp", "{9E1AED60-A7BB-4E6A-8388-6020338247F3}"
EndProject
Project("{FAE04EC0-301F-11D3-BF4B-00C04F79EFBC}") = "BalkanAir.Mvp", "Mvp\BalkanAir.Mvp\BalkanAir.Mvp.csproj", "{2F740AC4-F367-4121-A3CB-B0B61DA8AE88}"
EndProject
Global
	GlobalSection(SolutionConfigurationPlatforms) = preSolution
		Debug|Any CPU = Debug|Any CPU
		Release|Any CPU = Release|Any CPU
	EndGlobalSection
	GlobalSection(ProjectConfigurationPlatforms) = postSolution
		{3E67705B-24A5-47C5-90F1-E54A45C0F81C}.Debug|Any CPU.ActiveCfg = Debug|Any CPU
		{3E67705B-24A5-47C5-90F1-E54A45C0F81C}.Debug|Any CPU.Build.0 = Debug|Any CPU
		{3E67705B-24A5-47C5-90F1-E54A45C0F81C}.Release|Any CPU.ActiveCfg = Release|Any CPU
		{3E67705B-24A5-47C5-90F1-E54A45C0F81C}.Release|Any CPU.Build.0 = Release|Any CPU
		{51D02D44-DAE7-4226-927C-356AE94FCE43}.Debug|Any CPU.ActiveCfg = Debug|Any CPU
		{51D02D44-DAE7-4226-927C-356AE94FCE43}.Debug|Any CPU.Build.0 = Debug|Any CPU
		{51D02D44-DAE7-4226-927C-356AE94FCE43}.Release|Any CPU.ActiveCfg = Release|Any CPU
		{51D02D44-DAE7-4226-927C-356AE94FCE43}.Release|Any CPU.Build.0 = Release|Any CPU
		{7C7E6503-71D4-445A-85A7-47F7BC581D1D}.Debug|Any CPU.ActiveCfg = Debug|Any CPU
		{7C7E6503-71D4-445A-85A7-47F7BC581D1D}.Debug|Any CPU.Build.0 = Debug|Any CPU
		{7C7E6503-71D4-445A-85A7-47F7BC581D1D}.Release|Any CPU.ActiveCfg = Release|Any CPU
		{7C7E6503-71D4-445A-85A7-47F7BC581D1D}.Release|Any CPU.Build.0 = Release|Any CPU
		{D46816CB-E401-4F61-9B96-8F8167D33B19}.Debug|Any CPU.ActiveCfg = Debug|Any CPU
		{D46816CB-E401-4F61-9B96-8F8167D33B19}.Debug|Any CPU.Build.0 = Debug|Any CPU
		{D46816CB-E401-4F61-9B96-8F8167D33B19}.Release|Any CPU.ActiveCfg = Release|Any CPU
		{D46816CB-E401-4F61-9B96-8F8167D33B19}.Release|Any CPU.Build.0 = Release|Any CPU
		{DF4DB207-0CCE-4542-9FF1-F662DAF0CC14}.Debug|Any CPU.ActiveCfg = Debug|Any CPU
		{DF4DB207-0CCE-4542-9FF1-F662DAF0CC14}.Debug|Any CPU.Build.0 = Debug|Any CPU
		{DF4DB207-0CCE-4542-9FF1-F662DAF0CC14}.Release|Any CPU.ActiveCfg = Release|Any CPU
		{DF4DB207-0CCE-4542-9FF1-F662DAF0CC14}.Release|Any CPU.Build.0 = Release|Any CPU
		{ADEDE80E-C226-4E8A-97A0-8B1055E55C9B}.Debug|Any CPU.ActiveCfg = Debug|Any CPU
		{ADEDE80E-C226-4E8A-97A0-8B1055E55C9B}.Debug|Any CPU.Build.0 = Debug|Any CPU
		{ADEDE80E-C226-4E8A-97A0-8B1055E55C9B}.Release|Any CPU.ActiveCfg = Release|Any CPU
		{ADEDE80E-C226-4E8A-97A0-8B1055E55C9B}.Release|Any CPU.Build.0 = Release|Any CPU
		{C5A673F9-EF36-4FE7-9BF3-8BFF975E8075}.Debug|Any CPU.ActiveCfg = Debug|Any CPU
		{C5A673F9-EF36-4FE7-9BF3-8BFF975E8075}.Debug|Any CPU.Build.0 = Debug|Any CPU
		{C5A673F9-EF36-4FE7-9BF3-8BFF975E8075}.Release|Any CPU.ActiveCfg = Release|Any CPU
		{C5A673F9-EF36-4FE7-9BF3-8BFF975E8075}.Release|Any CPU.Build.0 = Release|Any CPU
		{F9E825F6-A4D5-4328-BCD8-FF05CDB86737}.Debug|Any CPU.ActiveCfg = Debug|Any CPU
		{F9E825F6-A4D5-4328-BCD8-FF05CDB86737}.Debug|Any CPU.Build.0 = Debug|Any CPU
		{F9E825F6-A4D5-4328-BCD8-FF05CDB86737}.Release|Any CPU.ActiveCfg = Release|Any CPU
		{F9E825F6-A4D5-4328-BCD8-FF05CDB86737}.Release|Any CPU.Build.0 = Release|Any CPU
		{1E23C3F5-2483-4B5C-95E7-1A2D2CD77FB1}.Debug|Any CPU.ActiveCfg = Debug|Any CPU
		{1E23C3F5-2483-4B5C-95E7-1A2D2CD77FB1}.Debug|Any CPU.Build.0 = Debug|Any CPU
		{1E23C3F5-2483-4B5C-95E7-1A2D2CD77FB1}.Release|Any CPU.ActiveCfg = Release|Any CPU
		{1E23C3F5-2483-4B5C-95E7-1A2D2CD77FB1}.Release|Any CPU.Build.0 = Release|Any CPU
		{2F740AC4-F367-4121-A3CB-B0B61DA8AE88}.Debug|Any CPU.ActiveCfg = Debug|Any CPU
		{2F740AC4-F367-4121-A3CB-B0B61DA8AE88}.Debug|Any CPU.Build.0 = Debug|Any CPU
		{2F740AC4-F367-4121-A3CB-B0B61DA8AE88}.Release|Any CPU.ActiveCfg = Release|Any CPU
		{2F740AC4-F367-4121-A3CB-B0B61DA8AE88}.Release|Any CPU.Build.0 = Release|Any CPU
	EndGlobalSection
	GlobalSection(SolutionProperties) = preSolution
		HideSolutionNode = FALSE
	EndGlobalSection
	GlobalSection(NestedProjects) = preSolution
		{3E67705B-24A5-47C5-90F1-E54A45C0F81C} = {B2CF05EE-48F5-4FFE-958B-CFEBFDEE57B9}
		{51D02D44-DAE7-4226-927C-356AE94FCE43} = {B2CF05EE-48F5-4FFE-958B-CFEBFDEE57B9}
		{7C7E6503-71D4-445A-85A7-47F7BC581D1D} = {6A39AE8C-FD0F-469C-9AA0-5268A0A2B1E8}
		{D46816CB-E401-4F61-9B96-8F8167D33B19} = {6A39AE8C-FD0F-469C-9AA0-5268A0A2B1E8}
		{DF4DB207-0CCE-4542-9FF1-F662DAF0CC14} = {96BC4917-CF12-442B-B5FF-CAEF8FF1B495}
		{ADEDE80E-C226-4E8A-97A0-8B1055E55C9B} = {B24553AF-DDCE-4668-B924-FC3677BC26DD}
		{C5A673F9-EF36-4FE7-9BF3-8BFF975E8075} = {B24553AF-DDCE-4668-B924-FC3677BC26DD}
		{F9E825F6-A4D5-4328-BCD8-FF05CDB86737} = {B2CF05EE-48F5-4FFE-958B-CFEBFDEE57B9}
		{1E23C3F5-2483-4B5C-95E7-1A2D2CD77FB1} = {96BC4917-CF12-442B-B5FF-CAEF8FF1B495}
		{2F740AC4-F367-4121-A3CB-B0B61DA8AE88} = {9E1AED60-A7BB-4E6A-8388-6020338247F3}
	EndGlobalSection
EndGlobal
